# This file is automatically @generated by Cargo.
# It is not intended for manual editing.
version = 3

[[package]]
name = "block"
version = "0.1.0"
dependencies = [
 "microasync",
 "microasync-util",
 "readformat",
]

[[package]]
name = "microasync"
version = "0.4.1"
source = "registry+https://github.com/rust-lang/crates.io-index"
checksum = "5a8f50171874f2d88ad43ac680fe36d0201e8c9a054d220e4a2d1f97dffe0aff"

[[package]]
name = "microasync-util"
version = "0.1.1"
source = "registry+https://github.com/rust-lang/crates.io-index"
checksum = "064e04a1bc5a99e2634f95acaae45d14c796a9665bc9b0143f84223a788cfcdb"
dependencies = [
 "microasync",
]

[[package]]
name = "readformat"
version = "0.1.2"
source = "registry+https://github.com/rust-lang/crates.io-index"
checksum = "b03f7fbd470aa8b3ad163c85cce8bccfc11cc9c44ef12da0a4eddd98bd307352"
